
Microsoft Visual Studio Solution File, Format Version 12.00
# Visual Studio Version 17
VisualStudioVersion = 17.4.33403.182
MinimumVisualStudioVersion = 10.0.40219.1
Project("{2150E333-8FDC-42A3-9474-1A3956D46DE8}") = "src", "src", "{7B14D849-B1A6-4588-8FC3-500119B74407}"
	ProjectSection(SolutionItems) = preProject
		docker-compose.yml = docker-compose.yml
		Dockerfile = Dockerfile
	EndProjectSection
EndProject
Project("{2150E333-8FDC-42A3-9474-1A3956D46DE8}") = "tests", "tests", "{C2F8BF25-BF3C-4BB5-A210-B0067372770C}"
EndProject
Project("{2150E333-8FDC-42A3-9474-1A3956D46DE8}") = "UI", "UI", "{C1C22716-2B43-49DB-9369-4AC4255CDCE1}"
EndProject
Project("{2150E333-8FDC-42A3-9474-1A3956D46DE8}") = "Core", "Core", "{3FFA5346-F9F7-47E4-93E0-70919FFF65E1}"
EndProject
Project("{2150E333-8FDC-42A3-9474-1A3956D46DE8}") = "Infrastructure", "Infrastructure", "{ED850116-63A7-466B-89AF-55DEE64D26E0}"
EndProject
Project("{2150E333-8FDC-42A3-9474-1A3956D46DE8}") = "API", "API", "{CB30D9FE-C654-4675-AF69-B15CD557A6CF}"
EndProject
Project("{9A19103F-16F7-4668-BE54-9A1E7A4F7556}") = "eTaxi.Domain", "eTaxi.Domain\eTaxi.Domain.csproj", "{7596D973-B76A-46ED-B1EF-3ECAED72BCFD}"
EndProject
Project("{9A19103F-16F7-4668-BE54-9A1E7A4F7556}") = "eTaxi.Application", "eTaxi.Application\eTaxi.Application.csproj", "{000A3292-194B-4841-8FE8-6FC2DF283E87}"
EndProject
Project("{9A19103F-16F7-4668-BE54-9A1E7A4F7556}") = "eTaxi.Persistence", "Persistence\eTaxi.Persistence.csproj", "{0E5A0316-C4D7-4955-9B70-CFE9D991128B}"
EndProject
Project("{9A19103F-16F7-4668-BE54-9A1E7A4F7556}") = "eTaxi.Infrastructure", "Infrastructure\eTaxi.Infrastructure.csproj", "{7FFB952D-E651-47E3-9F9F-45FB9964553A}"
EndProject
Project("{9A19103F-16F7-4668-BE54-9A1E7A4F7556}") = "eTaxi.API", "eTaxi.API\eTaxi.API.csproj", "{8A23D556-5E78-4DCE-890C-4D6DDA7BCE35}"
EndProject
Project("{9A19103F-16F7-4668-BE54-9A1E7A4F7556}") = "eTaxi.Application.UnitTests", "eTaxi.Application.UnitTests\eTaxi.Application.UnitTests.csproj", "{2E202518-B084-4785-971E-C9C4EA736ACE}"
EndProject
Project("{9A19103F-16F7-4668-BE54-9A1E7A4F7556}") = "eTaxi.Identity", "eTaxi.Identity\eTaxi.Identity.csproj", "{8B0EAF5B-105B-4CB2-AC9F-EF38C58A379D}"
EndProject
Project("{2150E333-8FDC-42A3-9474-1A3956D46DE8}") = "NotificationService", "NotificationService", "{39EA7398-E7E0-4B57-8048-45EA6830D2A7}"
EndProject
Project("{FAE04EC0-301F-11D3-BF4B-00C04F79EFBC}") = "eTaxi.NotificationService", "eTaxi.NotificationService\eTaxi.NotificationService.csproj", "{074F42FB-9943-4CA2-A27A-56CA8E599C5F}"
EndProject
Global
	GlobalSection(SolutionConfigurationPlatforms) = preSolution
		Debug|Any CPU = Debug|Any CPU
		Release|Any CPU = Release|Any CPU
	EndGlobalSection
	GlobalSection(ProjectConfigurationPlatforms) = postSolution
		{7596D973-B76A-46ED-B1EF-3ECAED72BCFD}.Debug|Any CPU.ActiveCfg = Debug|Any CPU
		{7596D973-B76A-46ED-B1EF-3ECAED72BCFD}.Debug|Any CPU.Build.0 = Debug|Any CPU
		{7596D973-B76A-46ED-B1EF-3ECAED72BCFD}.Release|Any CPU.ActiveCfg = Release|Any CPU
		{7596D973-B76A-46ED-B1EF-3ECAED72BCFD}.Release|Any CPU.Build.0 = Release|Any CPU
		{000A3292-194B-4841-8FE8-6FC2DF283E87}.Debug|Any CPU.ActiveCfg = Debug|Any CPU
		{000A3292-194B-4841-8FE8-6FC2DF283E87}.Debug|Any CPU.Build.0 = Debug|Any CPU
		{000A3292-194B-4841-8FE8-6FC2DF283E87}.Release|Any CPU.ActiveCfg = Release|Any CPU
		{000A3292-194B-4841-8FE8-6FC2DF283E87}.Release|Any CPU.Build.0 = Release|Any CPU
		{0E5A0316-C4D7-4955-9B70-CFE9D991128B}.Debug|Any CPU.ActiveCfg = Debug|Any CPU
		{0E5A0316-C4D7-4955-9B70-CFE9D991128B}.Debug|Any CPU.Build.0 = Debug|Any CPU
		{0E5A0316-C4D7-4955-9B70-CFE9D991128B}.Release|Any CPU.ActiveCfg = Release|Any CPU
		{0E5A0316-C4D7-4955-9B70-CFE9D991128B}.Release|Any CPU.Build.0 = Release|Any CPU
		{7FFB952D-E651-47E3-9F9F-45FB9964553A}.Debug|Any CPU.ActiveCfg = Debug|Any CPU
		{7FFB952D-E651-47E3-9F9F-45FB9964553A}.Debug|Any CPU.Build.0 = Debug|Any CPU
		{7FFB952D-E651-47E3-9F9F-45FB9964553A}.Release|Any CPU.ActiveCfg = Release|Any CPU
		{7FFB952D-E651-47E3-9F9F-45FB9964553A}.Release|Any CPU.Build.0 = Release|Any CPU
		{8A23D556-5E78-4DCE-890C-4D6DDA7BCE35}.Debug|Any CPU.ActiveCfg = Debug|Any CPU
		{8A23D556-5E78-4DCE-890C-4D6DDA7BCE35}.Debug|Any CPU.Build.0 = Debug|Any CPU
		{8A23D556-5E78-4DCE-890C-4D6DDA7BCE35}.Release|Any CPU.ActiveCfg = Release|Any CPU
		{8A23D556-5E78-4DCE-890C-4D6DDA7BCE35}.Release|Any CPU.Build.0 = Release|Any CPU
		{2E202518-B084-4785-971E-C9C4EA736ACE}.Debug|Any CPU.ActiveCfg = Debug|Any CPU
		{2E202518-B084-4785-971E-C9C4EA736ACE}.Debug|Any CPU.Build.0 = Debug|Any CPU
		{2E202518-B084-4785-971E-C9C4EA736ACE}.Release|Any CPU.ActiveCfg = Release|Any CPU
		{2E202518-B084-4785-971E-C9C4EA736ACE}.Release|Any CPU.Build.0 = Release|Any CPU
		{8B0EAF5B-105B-4CB2-AC9F-EF38C58A379D}.Debug|Any CPU.ActiveCfg = Debug|Any CPU
		{8B0EAF5B-105B-4CB2-AC9F-EF38C58A379D}.Debug|Any CPU.Build.0 = Debug|Any CPU
		{8B0EAF5B-105B-4CB2-AC9F-EF38C58A379D}.Release|Any CPU.ActiveCfg = Release|Any CPU
		{8B0EAF5B-105B-4CB2-AC9F-EF38C58A379D}.Release|Any CPU.Build.0 = Release|Any CPU
		{074F42FB-9943-4CA2-A27A-56CA8E599C5F}.Debug|Any CPU.ActiveCfg = Debug|Any CPU
		{074F42FB-9943-4CA2-A27A-56CA8E599C5F}.Debug|Any CPU.Build.0 = Debug|Any CPU
		{074F42FB-9943-4CA2-A27A-56CA8E599C5F}.Release|Any CPU.ActiveCfg = Release|Any CPU
		{074F42FB-9943-4CA2-A27A-56CA8E599C5F}.Release|Any CPU.Build.0 = Release|Any CPU
	EndGlobalSection
	GlobalSection(SolutionProperties) = preSolution
		HideSolutionNode = FALSE
	EndGlobalSection
	GlobalSection(NestedProjects) = preSolution
		{C1C22716-2B43-49DB-9369-4AC4255CDCE1} = {7B14D849-B1A6-4588-8FC3-500119B74407}
		{3FFA5346-F9F7-47E4-93E0-70919FFF65E1} = {7B14D849-B1A6-4588-8FC3-500119B74407}
		{ED850116-63A7-466B-89AF-55DEE64D26E0} = {7B14D849-B1A6-4588-8FC3-500119B74407}
		{CB30D9FE-C654-4675-AF69-B15CD557A6CF} = {7B14D849-B1A6-4588-8FC3-500119B74407}
		{7596D973-B76A-46ED-B1EF-3ECAED72BCFD} = {3FFA5346-F9F7-47E4-93E0-70919FFF65E1}
		{000A3292-194B-4841-8FE8-6FC2DF283E87} = {3FFA5346-F9F7-47E4-93E0-70919FFF65E1}
		{0E5A0316-C4D7-4955-9B70-CFE9D991128B} = {ED850116-63A7-466B-89AF-55DEE64D26E0}
		{7FFB952D-E651-47E3-9F9F-45FB9964553A} = {ED850116-63A7-466B-89AF-55DEE64D26E0}
		{8A23D556-5E78-4DCE-890C-4D6DDA7BCE35} = {CB30D9FE-C654-4675-AF69-B15CD557A6CF}
		{2E202518-B084-4785-971E-C9C4EA736ACE} = {C2F8BF25-BF3C-4BB5-A210-B0067372770C}
		{8B0EAF5B-105B-4CB2-AC9F-EF38C58A379D} = {ED850116-63A7-466B-89AF-55DEE64D26E0}
		{39EA7398-E7E0-4B57-8048-45EA6830D2A7} = {7B14D849-B1A6-4588-8FC3-500119B74407}
		{074F42FB-9943-4CA2-A27A-56CA8E599C5F} = {39EA7398-E7E0-4B57-8048-45EA6830D2A7}
	EndGlobalSection
	GlobalSection(ExtensibilityGlobals) = postSolution
		SolutionGuid = {473F0E6E-ECCE-4BF6-9015-CA1085C3126E}
	EndGlobalSection
EndGlobal
